
Microsoft Visual Studio Solution File, Format Version 12.00
# Visual Studio Version 17
VisualStudioVersion = 17.10.34928.147
MinimumVisualStudioVersion = 10.0.40219.1
Project("{FAE04EC0-301F-11D3-BF4B-00C04F79EFBC}") = "Lab19OOP", "Lab19OOP.csproj", "{A18E016D-D7A8-4664-B6B7-DE5BCD6886DB}"
EndProject
Global
	GlobalSection(SolutionConfigurationPlatforms) = preSolution
		Debug|Any CPU = Debug|Any CPU
		Release|Any CPU = Release|Any CPU
	EndGlobalSection
	GlobalSection(ProjectConfigurationPlatforms) = postSolution
		{A18E016D-D7A8-4664-B6B7-DE5BCD6886DB}.Debug|Any CPU.ActiveCfg = Debug|Any CPU
		{A18E016D-D7A8-4664-B6B7-DE5BCD6886DB}.Debug|Any CPU.Build.0 = Debug|Any CPU
		{A18E016D-D7A8-4664-B6B7-DE5BCD6886DB}.Release|Any CPU.ActiveCfg = Release|Any CPU
		{A18E016D-D7A8-4664-B6B7-DE5BCD6886DB}.Release|Any CPU.Build.0 = Release|Any CPU
	EndGlobalSection
	GlobalSection(SolutionProperties) = preSolution
		HideSolutionNode = FALSE
	EndGlobalSection
	GlobalSection(ExtensibilityGlobals) = postSolution
		SolutionGuid = {5204CEC3-78D5-4671-B594-370C8528001F}
	EndGlobalSection
EndGlobal
